{
  "projects": [
    {
      "projectId": "m2RPRCkEbZhkUXw4nHE5NQ",
      "version": "latest",
      "dependencies": {},
      "lang": "ts",
      "fileLocks": [
        {
          "type": "renderModule",
          "assetId": "PBGL-yie0qVs",
          "checksum": "a38839e8154b28f24342b23c6d2403f4"
        },
        {
          "type": "cssRules",
          "assetId": "PBGL-yie0qVs",
          "checksum": "a38839e8154b28f24342b23c6d2403f4"
        },
        {
          "assetId": "m2RPRCkEbZhkUXw4nHE5NQ",
          "type": "projectCss",
          "checksum": "87875ab8cea444db5ea348777abc0786"
        }
      ],
      "codegenVersion": "0.0.1"
    }
  ],
  "cliVersion": "0.1.330"
}
